// !$*UTF8*$!
{
	archiveVersion = 1;
	classes = {
	};
	objectVersion = 50;
	objects = {

/* Begin PBXBuildFile section */
		68B5C98B22271E70003B138F /* AppDelegate.swift in Sources */ = {isa = PBXBuildFile; fileRef = 68B5C98A22271E70003B138F /* AppDelegate.swift */; };
		68B5C98D22271E70003B138F /* ViewController.swift in Sources */ = {isa = PBXBuildFile; fileRef = 68B5C98C22271E70003B138F /* ViewController.swift */; };
		68B5C99022271E70003B138F /* Main.storyboard in Resources */ = {isa = PBXBuildFile; fileRef = 68B5C98E22271E70003B138F /* Main.storyboard */; };
		68B5C99322271E70003B138F /* realTimeFilter.xcdatamodeld in Sources */ = {isa = PBXBuildFile; fileRef = 68B5C99122271E70003B138F /* realTimeFilter.xcdatamodeld */; };
		68B5C99522271E71003B138F /* Assets.xcassets in Resources */ = {isa = PBXBuildFile; fileRef = 68B5C99422271E71003B138F /* Assets.xcassets */; };
		68B5C99822271E71003B138F /* LaunchScreen.storyboard in Resources */ = {isa = PBXBuildFile; fileRef = 68B5C99622271E71003B138F /* LaunchScreen.storyboard */; };
		68B5C9A322271E72003B138F /* realTimeFilterTests.swift in Sources */ = {isa = PBXBuildFile; fileRef = 68B5C9A222271E72003B138F /* realTimeFilterTests.swift */; };
		68B5C9AE22272095003B138F /* CVPixelBuffer+Helpers.swift in Sources */ = {isa = PBXBuildFile; fileRef = 68B5C9AD22272095003B138F /* CVPixelBuffer+Helpers.swift */; };
		68B5C9B0222724A7003B138F /* StarryStyle.mlmodel in Sources */ = {isa = PBXBuildFile; fileRef = 68B5C9AF222724A7003B138F /* StarryStyle.mlmodel */; };
/* End PBXBuildFile section */

/* Begin PBXContainerItemProxy section */
		68B5C99F22271E72003B138F /* PBXContainerItemProxy */ = {
			isa = PBXContainerItemProxy;
			containerPortal = 68B5C97F22271E70003B138F /* Project object */;
			proxyType = 1;
			remoteGlobalIDString = 68B5C98622271E70003B138F;
			remoteInfo = realTimeFilter;
		};
/* End PBXContainerItemProxy section */

/* Begin PBXFileReference section */
		68B5C98722271E70003B138F /* realTimeFilter.app */ = {isa = PBXFileReference; explicitFileType = wrapper.application; includeInIndex = 0; path = realTimeFilter.app; sourceTree = BUILT_PRODUCTS_DIR; };
		68B5C98A22271E70003B138F /* AppDelegate.swift */ = {isa = PBXFileReference; lastKnownFileType = sourcecode.swift; path = AppDelegate.swift; sourceTree = "<group>"; };
		68B5C98C22271E70003B138F /* ViewController.swift */ = {isa = PBXFileReference; lastKnownFileType = sourcecode.swift; path = ViewController.swift; sourceTree = "<group>"; };
		68B5C98F22271E70003B138F /* Base */ = {isa = PBXFileReference; lastKnownFileType = file.storyboard; name = Base; path = Base.lproj/Main.storyboard; sourceTree = "<group>"; };
		68B5C99222271E70003B138F /* realTimeFilter.xcdatamodel */ = {isa = PBXFileReference; lastKnownFileType = wrapper.xcdatamodel; path = realTimeFilter.xcdatamodel; sourceTree = "<group>"; };
		68B5C99422271E71003B138F /* Assets.xcassets */ = {isa = PBXFileReference; lastKnownFileType = folder.assetcatalog; path = Assets.xcassets; sourceTree = "<group>"; };
		68B5C99722271E71003B138F /* Base */ = {isa = PBXFileReference; lastKnownFileType = file.storyboard; name = Base; path = Base.lproj/LaunchScreen.storyboard; sourceTree = "<group>"; };
		68B5C99922271E71003B138F /* Info.plist */ = {isa = PBXFileReference; lastKnownFileType = text.plist.xml; path = Info.plist; sourceTree = "<group>"; };
		68B5C99E22271E72003B138F /* realTimeFilterTests.xctest */ = {isa = PBXFileReference; explicitFileType = wrapper.cfbundle; includeInIndex = 0; path = realTimeFilterTests.xctest; sourceTree = BUILT_PRODUCTS_DIR; };
		68B5C9A222271E72003B138F /* realTimeFilterTests.swift */ = {isa = PBXFileReference; lastKnownFileType = sourcecode.swift; path = realTimeFilterTests.swift; sourceTree = "<group>"; };
		68B5C9A422271E72003B138F /* Info.plist */ = {isa = PBXFileReference; lastKnownFileType = text.plist.xml; path = Info.plist; sourceTree = "<group>"; };
		68B5C9AD22272095003B138F /* CVPixelBuffer+Helpers.swift */ = {isa = PBXFileReference; lastKnownFileType = sourcecode.swift; path = "CVPixelBuffer+Helpers.swift"; sourceTree = "<group>"; };
		68B5C9AF222724A7003B138F /* StarryStyle.mlmodel */ = {isa = PBXFileReference; lastKnownFileType = file.mlmodel; path = StarryStyle.mlmodel; sourceTree = "<group>"; };
/* End PBXFileReference section */

/* Begin PBXFrameworksBuildPhase section */
		68B5C98422271E70003B138F /* Frameworks */ = {
			isa = PBXFrameworksBuildPhase;
			buildActionMask = 2147483647;
			files = (
			);
			runOnlyForDeploymentPostprocessing = 0;
		};
		68B5C99B22271E72003B138F /* Frameworks */ = {
			isa = PBXFrameworksBuildPhase;
			buildActionMask = 2147483647;
			files = (
			);
			runOnlyForDeploymentPostprocessing = 0;
		};
/* End PBXFrameworksBuildPhase section */

/* Begin PBXGroup section */
		68B5C97E22271E70003B138F = {
			isa = PBXGroup;
			children = (
				68B5C98922271E70003B138F /* realTimeFilter */,
				68B5C9A122271E72003B138F /* realTimeFilterTests */,
				68B5C98822271E70003B138F /* Products */,
			);
			sourceTree = "<group>";
		};
		68B5C98822271E70003B138F /* Products */ = {
			isa = PBXGroup;
			children = (
				68B5C98722271E70003B138F /* realTimeFilter.app */,
				68B5C99E22271E72003B138F /* realTimeFilterTests.xctest */,
			);
			name = Products;
			sourceTree = "<group>";
		};
		68B5C98922271E70003B138F /* realTimeFilter */ = {
			isa = PBXGroup;
			children = (
				68B5C98A22271E70003B138F /* AppDelegate.swift */,
				68B5C98C22271E70003B138F /* ViewController.swift */,
				68B5C9AF222724A7003B138F /* StarryStyle.mlmodel */,
				68B5C98E22271E70003B138F /* Main.storyboard */,
				68B5C99422271E71003B138F /* Assets.xcassets */,
				68B5C99622271E71003B138F /* LaunchScreen.storyboard */,
				68B5C99922271E71003B138F /* Info.plist */,
				68B5C99122271E70003B138F /* realTimeFilter.xcdatamodeld */,
				68B5C9AD22272095003B138F /* CVPixelBuffer+Helpers.swift */,
			);
			path = realTimeFilter;
			sourceTree = "<group>";
		};
		68B5C9A122271E72003B138F /* realTimeFilterTests */ = {
			isa = PBXGroup;
			children = (
				68B5C9A222271E72003B138F /* realTimeFilterTests.swift */,
				68B5C9A422271E72003B138F /* Info.plist */,
			);
			path = realTimeFilterTests;
			sourceTree = "<group>";
		};
/* End PBXGroup section */

/* Begin PBXNativeTarget section */
		68B5C98622271E70003B138F /* realTimeFilter */ = {
			isa = PBXNativeTarget;
			buildConfigurationList = 68B5C9A722271E72003B138F /* Build configuration list for PBXNativeTarget "realTimeFilter" */;
			buildPhases = (
				68B5C98322271E70003B138F /* Sources */,
				68B5C98422271E70003B138F /* Frameworks */,
				68B5C98522271E70003B138F /* Resources */,
			);
			buildRules = (
			);
			dependencies = (
			);
			name = realTimeFilter;
			productName = realTimeFilter;
			productReference = 68B5C98722271E70003B138F /* realTimeFilter.app */;
			productType = "com.apple.product-type.application";
		};
		68B5C99D22271E72003B138F /* realTimeFilterTests */ = {
			isa = PBXNativeTarget;
			buildConfigurationList = 68B5C9AA22271E72003B138F /* Build configuration list for PBXNativeTarget "realTimeFilterTests" */;
			buildPhases = (
				68B5C99A22271E72003B138F /* Sources */,
				68B5C99B22271E72003B138F /* Frameworks */,
				68B5C99C22271E72003B138F /* Resources */,
			);
			buildRules = (
			);
			dependencies = (
				68B5C9A022271E72003B138F /* PBXTargetDependency */,
			);
			name = realTimeFilterTests;
			productName = realTimeFilterTests;
			productReference = 68B5C99E22271E72003B138F /* realTimeFilterTests.xctest */;
			productType = "com.apple.product-type.bundle.unit-test";
		};
/* End PBXNativeTarget section */

/* Begin PBXProject section */
		68B5C97F22271E70003B138F /* Project object */ = {
			isa = PBXProject;
			attributes = {
				LastSwiftUpdateCheck = 1010;
				LastUpgradeCheck = 1010;
				ORGANIZATIONNAME = "Caio Gomes";
				TargetAttributes = {
					68B5C98622271E70003B138F = {
						CreatedOnToolsVersion = 10.1;
					};
					68B5C99D22271E72003B138F = {
						CreatedOnToolsVersion = 10.1;
						TestTargetID = 68B5C98622271E70003B138F;
					};
				};
			};
			buildConfigurationList = 68B5C98222271E70003B138F /* Build configuration list for PBXProject "realTimeFilter" */;
			compatibilityVersion = "Xcode 9.3";
			developmentRegion = en;
			hasScannedForEncodings = 0;
			knownRegions = (
				en,
				Base,
			);
			mainGroup = 68B5C97E22271E70003B138F;
			productRefGroup = 68B5C98822271E70003B138F /* Products */;
			projectDirPath = "";
			projectRoot = "";
			targets = (
				68B5C98622271E70003B138F /* realTimeFilter */,
				68B5C99D22271E72003B138F /* realTimeFilterTests */,
			);
		};
/* End PBXProject section */

/* Begin PBXResourcesBuildPhase section */
		68B5C98522271E70003B138F /* Resources */ = {
			isa = PBXResourcesBuildPhase;
			buildActionMask = 2147483647;
			files = (
				68B5C99822271E71003B138F /* LaunchScreen.storyboard in Resources */,
				68B5C99522271E71003B138F /* Assets.xcassets in Resources */,
				68B5C99022271E70003B138F /* Main.storyboard in Resources */,
			);
			runOnlyForDeploymentPostprocessing = 0;
		};
		68B5C99C22271E72003B138F /* Resources */ = {
			isa = PBXResourcesBuildPhase;
			buildActionMask = 2147483647;
			files = (
			);
			runOnlyForDeploymentPostprocessing = 0;
		};
/* End PBXResourcesBuildPhase section */

/* Begin PBXSourcesBuildPhase section */
		68B5C98322271E70003B138F /* Sources */ = {
			isa = PBXSourcesBuildPhase;
			buildActionMask = 2147483647;
			files = (
				68B5C98D22271E70003B138F /* ViewController.swift in Sources */,
				68B5C9B0222724A7003B138F /* StarryStyle.mlmodel in Sources */,
				68B5C9AE22272095003B138F /* CVPixelBuffer+Helpers.swift in Sources */,
				68B5C98B22271E70003B138F /* AppDelegate.swift in Sources */,
				68B5C99322271E70003B138F /* realTimeFilter.xcdatamodeld in Sources */,
			);
			runOnlyForDeploymentPostprocessing = 0;
		};
		68B5C99A22271E72003B138F /* Sources */ = {
			isa = PBXSourcesBuildPhase;
			buildActionMask = 2147483647;
			files = (
				68B5C9A322271E72003B138F /* realTimeFilterTests.swift in Sources */,
			);
			runOnlyForDeploymentPostprocessing = 0;
		};
/* End PBXSourcesBuildPhase section */

/* Begin PBXTargetDependency section */
		68B5C9A022271E72003B138F /* PBXTargetDependency */ = {
			isa = PBXTargetDependency;
			target = 68B5C98622271E70003B138F /* realTimeFilter */;
			targetProxy = 68B5C99F22271E72003B138F /* PBXContainerItemProxy */;
		};
/* End PBXTargetDependency section */

/* Begin PBXVariantGroup section */
		68B5C98E22271E70003B138F /* Main.storyboard */ = {
			isa = PBXVariantGroup;
			children = (
				68B5C98F22271E70003B138F /* Base */,
			);
			name = Main.storyboard;
			sourceTree = "<group>";
		};
		68B5C99622271E71003B138F /* LaunchScreen.storyboard */ = {
			isa = PBXVariantGroup;
			children = (
				68B5C99722271E71003B138F /* Base */,
			);
			name = LaunchScreen.storyboard;
			sourceTree = "<group>";
		};
/* End PBXVariantGroup section */

/* Begin XCBuildConfiguration section */
		68B5C9A522271E72003B138F /* Debug */ = {
			isa = XCBuildConfiguration;
			buildSettings = {
				ALWAYS_SEARCH_USER_PATHS = NO;
				CLANG_ANALYZER_NONNULL = YES;
				CLANG_ANALYZER_NUMBER_OBJECT_CONVERSION = YES_AGGRESSIVE;
				CLANG_CXX_LANGUAGE_STANDARD = "gnu++14";
				CLANG_CXX_LIBRARY = "libc++";
				CLANG_ENABLE_MODULES = YES;
				CLANG_ENABLE_OBJC_ARC = YES;
				CLANG_ENABLE_OBJC_WEAK = YES;
				CLANG_WARN_BLOCK_CAPTURE_AUTORELEASING = YES;
				CLANG_WARN_BOOL_CONVERSION = YES;
				CLANG_WARN_COMMA = YES;
				CLANG_WARN_CONSTANT_CONVERSION = YES;
				CLANG_WARN_DEPRECATED_OBJC_IMPLEMENTATIONS = YES;
				CLANG_WARN_DIRECT_OBJC_ISA_USAGE = YES_ERROR;
				CLANG_WARN_DOCUMENTATION_COMMENTS = YES;
				CLANG_WARN_EMPTY_BODY = YES;
				CLANG_WARN_ENUM_CONVERSION = YES;
				CLANG_WARN_INFINITE_RECURSION = YES;
				CLANG_WARN_INT_CONVERSION = YES;
				CLANG_WARN_NON_LITERAL_NULL_CONVERSION = YES;
				CLANG_WARN_OBJC_IMPLICIT_RETAIN_SELF = YES;
				CLANG_WARN_OBJC_LITERAL_CONVERSION = YES;
				CLANG_WARN_OBJC_ROOT_CLASS = YES_ERROR;
				CLANG_WARN_RANGE_LOOP_ANALYSIS = YES;
				CLANG_WARN_STRICT_PROTOTYPES = YES;
				CLANG_WARN_SUSPICIOUS_MOVE = YES;
				CLANG_WARN_UNGUARDED_AVAILABILITY = YES_AGGRESSIVE;
				CLANG_WARN_UNREACHABLE_CODE = YES;
				CLANG_WARN__DUPLICATE_METHOD_MATCH = YES;
				CODE_SIGN_IDENTITY = "iPhone Developer";
				COPY_PHASE_STRIP = NO;
				DEBUG_INFORMATION_FORMAT = dwarf;
				ENABLE_STRICT_OBJC_MSGSEND = YES;
				ENABLE_TESTABILITY = YES;
				GCC_C_LANGUAGE_STANDARD = gnu11;
				GCC_DYNAMIC_NO_PIC = NO;
				GCC_NO_COMMON_BLOCKS = YES;
				GCC_OPTIMIZATION_LEVEL = 0;
				GCC_PREPROCESSOR_DEFINITIONS = (
					"DEBUG=1",
					"$(inherited)",
				);
				GCC_WARN_64_TO_32_BIT_CONVERSION = YES;
				GCC_WARN_ABOUT_RETURN_TYPE = YES_ERROR;
				GCC_WARN_UNDECLARED_SELECTOR = YES;
				GCC_WARN_UNINITIALIZED_AUTOS = YES_AGGRESSIVE;
				GCC_WARN_UNUSED_FUNCTION = YES;
				GCC_WARN_UNUSED_VARIABLE = YES;
				IPHONEOS_DEPLOYMENT_TARGET = 12.1;
				MTL_ENABLE_DEBUG_INFO = INCLUDE_SOURCE;
				MTL_FAST_MATH = YES;
				ONLY_ACTIVE_ARCH = YES;
				SDKROOT = iphoneos;
				SWIFT_ACTIVE_COMPILATION_CONDITIONS = DEBUG;
				SWIFT_OPTIMIZATION_LEVEL = "-Onone";
			};
			name = Debug;
		};
		68B5C9A622271E72003B138F /* Release */ = {
			isa = XCBuildConfiguration;
			buildSettings = {
				ALWAYS_SEARCH_USER_PATHS = NO;
				CLANG_ANALYZER_NONNULL = YES;
				CLANG_ANALYZER_NUMBER_OBJECT_CONVERSION = YES_AGGRESSIVE;
				CLANG_CXX_LANGUAGE_STANDARD = "gnu++14";
				CLANG_CXX_LIBRARY = "libc++";
				CLANG_ENABLE_MODULES = YES;
				CLANG_ENABLE_OBJC_ARC = YES;
				CLANG_ENABLE_OBJC_WEAK = YES;
				CLANG_WARN_BLOCK_CAPTURE_AUTORELEASING = YES;
				CLANG_WARN_BOOL_CONVERSION = YES;
				CLANG_WARN_COMMA = YES;
				CLANG_WARN_CONSTANT_CONVERSION = YES;
				CLANG_WARN_DEPRECATED_OBJC_IMPLEMENTATIONS = YES;
				CLANG_WARN_DIRECT_OBJC_ISA_USAGE = YES_ERROR;
				CLANG_WARN_DOCUMENTATION_COMMENTS = YES;
				CLANG_WARN_EMPTY_BODY = YES;
				CLANG_WARN_ENUM_CONVERSION = YES;
				CLANG_WARN_INFINITE_RECURSION = YES;
				CLANG_WARN_INT_CONVERSION = YES;
				CLANG_WARN_NON_LITERAL_NULL_CONVERSION = YES;
				CLANG_WARN_OBJC_IMPLICIT_RETAIN_SELF = YES;
				CLANG_WARN_OBJC_LITERAL_CONVERSION = YES;
				CLANG_WARN_OBJC_ROOT_CLASS = YES_ERROR;
				CLANG_WARN_RANGE_LOOP_ANALYSIS = YES;
				CLANG_WARN_STRICT_PROTOTYPES = YES;
				CLANG_WARN_SUSPICIOUS_MOVE = YES;
				CLANG_WARN_UNGUARDED_AVAILABILITY = YES_AGGRESSIVE;
				CLANG_WARN_UNREACHABLE_CODE = YES;
				CLANG_WARN__DUPLICATE_METHOD_MATCH = YES;
				CODE_SIGN_IDENTITY = "iPhone Developer";
				COPY_PHASE_STRIP = NO;
				DEBUG_INFORMATION_FORMAT = "dwarf-with-dsym";
				ENABLE_NS_ASSERTIONS = NO;
				ENABLE_STRICT_OBJC_MSGSEND = YES;
				GCC_C_LANGUAGE_STANDARD = gnu11;
				GCC_NO_COMMON_BLOCKS = YES;
				GCC_WARN_64_TO_32_BIT_CONVERSION = YES;
				GCC_WARN_ABOUT_RETURN_TYPE = YES_ERROR;
				GCC_WARN_UNDECLARED_SELECTOR = YES;
				GCC_WARN_UNINITIALIZED_AUTOS = YES_AGGRESSIVE;
				GCC_WARN_UNUSED_FUNCTION = YES;
				GCC_WARN_UNUSED_VARIABLE = YES;
				IPHONEOS_DEPLOYMENT_TARGET = 12.1;
				MTL_ENABLE_DEBUG_INFO = NO;
				MTL_FAST_MATH = YES;
				SDKROOT = iphoneos;
				SWIFT_COMPILATION_MODE = wholemodule;
				SWIFT_OPTIMIZATION_LEVEL = "-O";
				VALIDATE_PRODUCT = YES;
			};
			name = Release;
		};
		68B5C9A822271E72003B138F /* Debug */ = {
			isa = XCBuildConfiguration;
			buildSettings = {
				ASSETCATALOG_COMPILER_APPICON_NAME = AppIcon;
				CODE_SIGN_STYLE = Automatic;
				DEVELOPMENT_TEAM = Q3AL2NX4UR;
				INFOPLIST_FILE = realTimeFilter/Info.plist;
				LD_RUNPATH_SEARCH_PATHS = (
					"$(inherited)",
					"@executable_path/Frameworks",
				);
				PRODUCT_BUNDLE_IDENTIFIER = com.caiogomes.realTimeFilter;
				PRODUCT_NAME = "$(TARGET_NAME)";
				SWIFT_VERSION = 4.2;
				TARGETED_DEVICE_FAMILY = "1,2";
			};
			name = Debug;
		};
		68B5C9A922271E72003B138F /* Release */ = {
			isa = XCBuildConfiguration;
			buildSettings = {
				ASSETCATALOG_COMPILER_APPICON_NAME = AppIcon;
				CODE_SIGN_STYLE = Automatic;
				DEVELOPMENT_TEAM = Q3AL2NX4UR;
				INFOPLIST_FILE = realTimeFilter/Info.plist;
				LD_RUNPATH_SEARCH_PATHS = (
					"$(inherited)",
					"@executable_path/Frameworks",
				);
				PRODUCT_BUNDLE_IDENTIFIER = com.caiogomes.realTimeFilter;
				PRODUCT_NAME = "$(TARGET_NAME)";
				SWIFT_VERSION = 4.2;
				TARGETED_DEVICE_FAMILY = "1,2";
			};
			name = Release;
		};
		68B5C9AB22271E72003B138F /* Debug */ = {
			isa = XCBuildConfiguration;
			buildSettings = {
				ALWAYS_EMBED_SWIFT_STANDARD_LIBRARIES = YES;
				BUNDLE_LOADER = "$(TEST_HOST)";
				CODE_SIGN_STYLE = Automatic;
				DEVELOPMENT_TEAM = Q3AL2NX4UR;
				INFOPLIST_FILE = realTimeFilterTests/Info.plist;
				LD_RUNPATH_SEARCH_PATHS = (
					"$(inherited)",
					"@executable_path/Frameworks",
					"@loader_path/Frameworks",
				);
				PRODUCT_BUNDLE_IDENTIFIER = com.caiogomes.realTimeFilterTests;
				PRODUCT_NAME = "$(TARGET_NAME)";
				SWIFT_VERSION = 4.2;
				TARGETED_DEVICE_FAMILY = "1,2";
				TEST_HOST = "$(BUILT_PRODUCTS_DIR)/realTimeFilter.app/realTimeFilter";
			};
			name = Debug;
		};
		68B5C9AC22271E72003B138F /* Release */ = {
			isa = XCBuildConfiguration;
			buildSettings = {
				ALWAYS_EMBED_SWIFT_STANDARD_LIBRARIES = YES;
				BUNDLE_LOADER = "$(TEST_HOST)";
				CODE_SIGN_STYLE = Automatic;
				DEVELOPMENT_TEAM = Q3AL2NX4UR;
				INFOPLIST_FILE = realTimeFilterTests/Info.plist;
				LD_RUNPATH_SEARCH_PATHS = (
					"$(inherited)",
					"@executable_path/Frameworks",
					"@loader_path/Frameworks",
				);
				PRODUCT_BUNDLE_IDENTIFIER = com.caiogomes.realTimeFilterTests;
				PRODUCT_NAME = "$(TARGET_NAME)";
				SWIFT_VERSION = 4.2;
				TARGETED_DEVICE_FAMILY = "1,2";
				TEST_HOST = "$(BUILT_PRODUCTS_DIR)/realTimeFilter.app/realTimeFilter";
			};
			name = Release;
		};
/* End XCBuildConfiguration section */

/* Begin XCConfigurationList section */
		68B5C98222271E70003B138F /* Build configuration list for PBXProject "realTimeFilter" */ = {
			isa = XCConfigurationList;
			buildConfigurations = (
				68B5C9A522271E72003B138F /* Debug */,
				68B5C9A622271E72003B138F /* Release */,
			);
			defaultConfigurationIsVisible = 0;
			defaultConfigurationName = Release;
		};
		68B5C9A722271E72003B138F /* Build configuration list for PBXNativeTarget "realTimeFilter" */ = {
			isa = XCConfigurationList;
			buildConfigurations = (
				68B5C9A822271E72003B138F /* Debug */,
				68B5C9A922271E72003B138F /* Release */,
			);
			defaultConfigurationIsVisible = 0;
			defaultConfigurationName = Release;
		};
		68B5C9AA22271E72003B138F /* Build configuration list for PBXNativeTarget "realTimeFilterTests" */ = {
			isa = XCConfigurationList;
			buildConfigurations = (
				68B5C9AB22271E72003B138F /* Debug */,
				68B5C9AC22271E72003B138F /* Release */,
			);
			defaultConfigurationIsVisible = 0;
			defaultConfigurationName = Release;
		};
/* End XCConfigurationList section */

/* Begin XCVersionGroup section */
		68B5C99122271E70003B138F /* realTimeFilter.xcdatamodeld */ = {
			isa = XCVersionGroup;
			children = (
				68B5C99222271E70003B138F /* realTimeFilter.xcdatamodel */,
			);
			currentVersion = 68B5C99222271E70003B138F /* realTimeFilter.xcdatamodel */;
			path = realTimeFilter.xcdatamodeld;
			sourceTree = "<group>";
			versionGroupType = wrapper.xcdatamodel;
		};
/* End XCVersionGroup section */
	};
	rootObject = 68B5C97F22271E70003B138F /* Project object */;
}
